{
  "version": "4",
  "specifiers": {
    "jsr:@std/assert@1": "1.0.6",
    "jsr:@std/cli@^1.0.6": "1.0.6",
    "jsr:@std/dotenv@~0.225.2": "0.225.2",
    "jsr:@std/internal@^1.0.4": "1.0.4",
    "jsr:@std/path@^1.0.7": "1.0.7",
    "jsr:@valibot/valibot@~0.42.1": "0.42.1",
    "npm:@formatjs/icu-messageformat-parser@*": "2.9.3"
  },
  "jsr": {
    "@std/assert@1.0.6": {
      "integrity": "1904c05806a25d94fe791d6d883b685c9e2dcd60e4f9fc30f4fc5cf010c72207",
      "dependencies": [
        "jsr:@std/internal"
      ]
    },
    "@std/cli@1.0.6": {
      "integrity": "d22d8b38c66c666d7ad1f2a66c5b122da1704f985d3c47f01129f05abb6c5d3d"
    },
    "@std/dotenv@0.225.2": {
      "integrity": "e2025dce4de6c7bca21dece8baddd4262b09d5187217e231b033e088e0c4dd23"
    },
    "@std/internal@1.0.4": {
      "integrity": "62e8e4911527e5e4f307741a795c0b0a9e6958d0b3790716ae71ce085f755422"
    },
    "@std/path@1.0.7": {
      "integrity": "76a689e07f0e15dcc6002ec39d0866797e7156629212b28f27179b8a5c3b33a1"
    },
    "@valibot/valibot@0.42.1": {
      "integrity": "ba0f6f7964aaeec0e4b1f793d575061f325ae6254cbb9d7ff01fb65068a0a23b"
    }
  },
  "npm": {
    "@formatjs/ecma402-abstract@2.2.3": {
      "integrity": "sha512-aElGmleuReGnk2wtYOzYFmNWYoiWWmf1pPPCYg0oiIQSJj0mjc4eUfzUXaSOJ4S8WzI/cLqnCTWjqz904FT2OQ==",
      "dependencies": [
        "@formatjs/fast-memoize",
        "@formatjs/intl-localematcher",
        "tslib"
      ]
    },
    "@formatjs/fast-memoize@2.2.3": {
      "integrity": "sha512-3jeJ+HyOfu8osl3GNSL4vVHUuWFXR03Iz9jjgI7RwjG6ysu/Ymdr0JRCPHfF5yGbTE6JCrd63EpvX1/WybYRbA==",
      "dependencies": [
        "tslib"
      ]
    },
    "@formatjs/icu-messageformat-parser@2.9.3": {
      "integrity": "sha512-9L99QsH14XjOCIp4TmbT8wxuffJxGK8uLNO1zNhLtcZaVXvv626N0s4A2qgRCKG3dfYWx9psvGlFmvyVBa6u/w==",
      "dependencies": [
        "@formatjs/ecma402-abstract",
        "@formatjs/icu-skeleton-parser",
        "tslib"
      ]
    },
    "@formatjs/icu-skeleton-parser@1.8.7": {
      "integrity": "sha512-fI+6SmS2g7h3srfAKSWa5dwreU5zNEfon2uFo99OToiLF6yxGE+WikvFSbsvMAYkscucvVmTYNlWlaDPp0n5HA==",
      "dependencies": [
        "@formatjs/ecma402-abstract",
        "tslib"
      ]
    },
    "@formatjs/intl-localematcher@0.5.7": {
      "integrity": "sha512-GGFtfHGQVFe/niOZp24Kal5b2i36eE2bNL0xi9Sg/yd0TR8aLjcteApZdHmismP5QQax1cMnZM9yWySUUjJteA==",
      "dependencies": [
        "tslib"
      ]
    },
    "tslib@2.8.1": {
      "integrity": "sha512-oJFu94HQb+KVduSUQL7wnpmqnfmLsOA/nAh6b6EH0wCEoK0/mPeXU6c3wKDV83MkOuHPRHtSXKKU99IBazS/2w=="
    }
  },
  "workspace": {
    "dependencies": [
      "jsr:@std/assert@1",
      "jsr:@std/cli@^1.0.6",
      "jsr:@std/dotenv@~0.225.2",
      "jsr:@std/path@^1.0.7",
      "jsr:@valibot/valibot@~0.42.1"
    ]
  }
}
